// !$*UTF8*$!
{
	archiveVersion = 1;
	classes = {
	};
	objectVersion = 50;
	objects = {

/* Begin PBXBuildFile section */
		14984635294CF36500D54895 /* MisturadorApp.swift in Sources */ = {isa = PBXBuildFile; fileRef = 14984634294CF36500D54895 /* MisturadorApp.swift */; };
		14984637294CF36500D54895 /* ContentView.swift in Sources */ = {isa = PBXBuildFile; fileRef = 14984636294CF36500D54895 /* ContentView.swift */; };
		14984639294CF36900D54895 /* Assets.xcassets in Resources */ = {isa = PBXBuildFile; fileRef = 14984638294CF36900D54895 /* Assets.xcassets */; };
		1498463C294CF36900D54895 /* Preview Assets.xcassets in Resources */ = {isa = PBXBuildFile; fileRef = 1498463B294CF36900D54895 /* Preview Assets.xcassets */; };
		1498463E294CF36900D54895 /* Persistence.swift in Sources */ = {isa = PBXBuildFile; fileRef = 1498463D294CF36900D54895 /* Persistence.swift */; };
		14984641294CF36900D54895 /* Misturador.xcdatamodeld in Sources */ = {isa = PBXBuildFile; fileRef = 1498463F294CF36900D54895 /* Misturador.xcdatamodeld */; };
		1498464C294CF36900D54895 /* MisturadorTests.swift in Sources */ = {isa = PBXBuildFile; fileRef = 1498464B294CF36900D54895 /* MisturadorTests.swift */; };
		14984657294CF36900D54895 /* MisturadorUITests.swift in Sources */ = {isa = PBXBuildFile; fileRef = 14984656294CF36900D54895 /* MisturadorUITests.swift */; };
		1498466A294CF3AD00D54895 /* FormView.swift in Sources */ = {isa = PBXBuildFile; fileRef = 14984667294CF3AD00D54895 /* FormView.swift */; };
		1498466C294CF3AD00D54895 /* ListView.swift in Sources */ = {isa = PBXBuildFile; fileRef = 14984669294CF3AD00D54895 /* ListView.swift */; };
		1498467F294D0BBE00D54895 /* ItemListView.swift in Sources */ = {isa = PBXBuildFile; fileRef = 1498467E294D0BBE00D54895 /* ItemListView.swift */; };
/* End PBXBuildFile section */

/* Begin PBXContainerItemProxy section */
		14984648294CF36900D54895 /* PBXContainerItemProxy */ = {
			isa = PBXContainerItemProxy;
			containerPortal = 14984629294CF36500D54895 /* Project object */;
			proxyType = 1;
			remoteGlobalIDString = 14984630294CF36500D54895;
			remoteInfo = Misturador;
		};
		14984653294CF36900D54895 /* PBXContainerItemProxy */ = {
			isa = PBXContainerItemProxy;
			containerPortal = 14984629294CF36500D54895 /* Project object */;
			proxyType = 1;
			remoteGlobalIDString = 14984630294CF36500D54895;
			remoteInfo = Misturador;
		};
/* End PBXContainerItemProxy section */

/* Begin PBXFileReference section */
		14984631294CF36500D54895 /* Misturador.app */ = {isa = PBXFileReference; explicitFileType = wrapper.application; includeInIndex = 0; path = Misturador.app; sourceTree = BUILT_PRODUCTS_DIR; };
		14984634294CF36500D54895 /* MisturadorApp.swift */ = {isa = PBXFileReference; lastKnownFileType = sourcecode.swift; path = MisturadorApp.swift; sourceTree = "<group>"; };
		14984636294CF36500D54895 /* ContentView.swift */ = {isa = PBXFileReference; lastKnownFileType = sourcecode.swift; path = ContentView.swift; sourceTree = "<group>"; };
		14984638294CF36900D54895 /* Assets.xcassets */ = {isa = PBXFileReference; lastKnownFileType = folder.assetcatalog; path = Assets.xcassets; sourceTree = "<group>"; };
		1498463B294CF36900D54895 /* Preview Assets.xcassets */ = {isa = PBXFileReference; lastKnownFileType = folder.assetcatalog; path = "Preview Assets.xcassets"; sourceTree = "<group>"; };
		1498463D294CF36900D54895 /* Persistence.swift */ = {isa = PBXFileReference; lastKnownFileType = sourcecode.swift; path = Persistence.swift; sourceTree = "<group>"; };
		14984640294CF36900D54895 /* Misturador.xcdatamodel */ = {isa = PBXFileReference; lastKnownFileType = wrapper.xcdatamodel; path = Misturador.xcdatamodel; sourceTree = "<group>"; };
		14984642294CF36900D54895 /* Info.plist */ = {isa = PBXFileReference; lastKnownFileType = text.plist.xml; path = Info.plist; sourceTree = "<group>"; };
		14984647294CF36900D54895 /* MisturadorTests.xctest */ = {isa = PBXFileReference; explicitFileType = wrapper.cfbundle; includeInIndex = 0; path = MisturadorTests.xctest; sourceTree = BUILT_PRODUCTS_DIR; };
		1498464B294CF36900D54895 /* MisturadorTests.swift */ = {isa = PBXFileReference; lastKnownFileType = sourcecode.swift; path = MisturadorTests.swift; sourceTree = "<group>"; };
		1498464D294CF36900D54895 /* Info.plist */ = {isa = PBXFileReference; lastKnownFileType = text.plist.xml; path = Info.plist; sourceTree = "<group>"; };
		14984652294CF36900D54895 /* MisturadorUITests.xctest */ = {isa = PBXFileReference; explicitFileType = wrapper.cfbundle; includeInIndex = 0; path = MisturadorUITests.xctest; sourceTree = BUILT_PRODUCTS_DIR; };
		14984656294CF36900D54895 /* MisturadorUITests.swift */ = {isa = PBXFileReference; lastKnownFileType = sourcecode.swift; path = MisturadorUITests.swift; sourceTree = "<group>"; };
		14984658294CF36900D54895 /* Info.plist */ = {isa = PBXFileReference; lastKnownFileType = text.plist.xml; path = Info.plist; sourceTree = "<group>"; };
		14984667294CF3AD00D54895 /* FormView.swift */ = {isa = PBXFileReference; fileEncoding = 4; lastKnownFileType = sourcecode.swift; name = FormView.swift; path = ../../PDM/Misturador/Misturador/FormView.swift; sourceTree = "<group>"; };
		14984669294CF3AD00D54895 /* ListView.swift */ = {isa = PBXFileReference; fileEncoding = 4; lastKnownFileType = sourcecode.swift; name = ListView.swift; path = ../../PDM/Misturador/Misturador/ListView.swift; sourceTree = "<group>"; };
		1498467E294D0BBE00D54895 /* ItemListView.swift */ = {isa = PBXFileReference; lastKnownFileType = sourcecode.swift; path = ItemListView.swift; sourceTree = "<group>"; };
/* End PBXFileReference section */

/* Begin PBXFrameworksBuildPhase section */
		1498462E294CF36500D54895 /* Frameworks */ = {
			isa = PBXFrameworksBuildPhase;
			buildActionMask = 2147483647;
			files = (
			);
			runOnlyForDeploymentPostprocessing = 0;
		};
		14984644294CF36900D54895 /* Frameworks */ = {
			isa = PBXFrameworksBuildPhase;
			buildActionMask = 2147483647;
			files = (
			);
			runOnlyForDeploymentPostprocessing = 0;
		};
		1498464F294CF36900D54895 /* Frameworks */ = {
			isa = PBXFrameworksBuildPhase;
			buildActionMask = 2147483647;
			files = (
			);
			runOnlyForDeploymentPostprocessing = 0;
		};
/* End PBXFrameworksBuildPhase section */

/* Begin PBXGroup section */
		14984628294CF36500D54895 = {
			isa = PBXGroup;
			children = (
				14984633294CF36500D54895 /* Misturador */,
				1498464A294CF36900D54895 /* MisturadorTests */,
				14984655294CF36900D54895 /* MisturadorUITests */,
				14984632294CF36500D54895 /* Products */,
			);
			sourceTree = "<group>";
		};
		14984632294CF36500D54895 /* Products */ = {
			isa = PBXGroup;
			children = (
				14984631294CF36500D54895 /* Misturador.app */,
				14984647294CF36900D54895 /* MisturadorTests.xctest */,
				14984652294CF36900D54895 /* MisturadorUITests.xctest */,
			);
			name = Products;
			sourceTree = "<group>";
		};
		14984633294CF36500D54895 /* Misturador */ = {
			isa = PBXGroup;
			children = (
				14984634294CF36500D54895 /* MisturadorApp.swift */,
				14984636294CF36500D54895 /* ContentView.swift */,
				14984669294CF3AD00D54895 /* ListView.swift */,
				14984667294CF3AD00D54895 /* FormView.swift */,
				1498467E294D0BBE00D54895 /* ItemListView.swift */,
				14984638294CF36900D54895 /* Assets.xcassets */,
				1498463D294CF36900D54895 /* Persistence.swift */,
				14984642294CF36900D54895 /* Info.plist */,
				1498463F294CF36900D54895 /* Misturador.xcdatamodeld */,
				1498463A294CF36900D54895 /* Preview Content */,
			);
			path = Misturador;
			sourceTree = "<group>";
		};
		1498463A294CF36900D54895 /* Preview Content */ = {
			isa = PBXGroup;
			children = (
				1498463B294CF36900D54895 /* Preview Assets.xcassets */,
			);
			path = "Preview Content";
			sourceTree = "<group>";
		};
		1498464A294CF36900D54895 /* MisturadorTests */ = {
			isa = PBXGroup;
			children = (
				1498464B294CF36900D54895 /* MisturadorTests.swift */,
				1498464D294CF36900D54895 /* Info.plist */,
			);
			path = MisturadorTests;
			sourceTree = "<group>";
		};
		14984655294CF36900D54895 /* MisturadorUITests */ = {
			isa = PBXGroup;
			children = (
				14984656294CF36900D54895 /* MisturadorUITests.swift */,
				14984658294CF36900D54895 /* Info.plist */,
			);
			path = MisturadorUITests;
			sourceTree = "<group>";
		};
/* End PBXGroup section */

/* Begin PBXNativeTarget section */
		14984630294CF36500D54895 /* Misturador */ = {
			isa = PBXNativeTarget;
			buildConfigurationList = 1498465B294CF36900D54895 /* Build configuration list for PBXNativeTarget "Misturador" */;
			buildPhases = (
				1498462D294CF36500D54895 /* Sources */,
				1498462E294CF36500D54895 /* Frameworks */,
				1498462F294CF36500D54895 /* Resources */,
			);
			buildRules = (
			);
			dependencies = (
			);
			name = Misturador;
			productName = Misturador;
			productReference = 14984631294CF36500D54895 /* Misturador.app */;
			productType = "com.apple.product-type.application";
		};
		14984646294CF36900D54895 /* MisturadorTests */ = {
			isa = PBXNativeTarget;
			buildConfigurationList = 1498465E294CF36900D54895 /* Build configuration list for PBXNativeTarget "MisturadorTests" */;
			buildPhases = (
				14984643294CF36900D54895 /* Sources */,
				14984644294CF36900D54895 /* Frameworks */,
				14984645294CF36900D54895 /* Resources */,
			);
			buildRules = (
			);
			dependencies = (
				14984649294CF36900D54895 /* PBXTargetDependency */,
			);
			name = MisturadorTests;
			productName = MisturadorTests;
			productReference = 14984647294CF36900D54895 /* MisturadorTests.xctest */;
			productType = "com.apple.product-type.bundle.unit-test";
		};
		14984651294CF36900D54895 /* MisturadorUITests */ = {
			isa = PBXNativeTarget;
			buildConfigurationList = 14984661294CF36900D54895 /* Build configuration list for PBXNativeTarget "MisturadorUITests" */;
			buildPhases = (
				1498464E294CF36900D54895 /* Sources */,
				1498464F294CF36900D54895 /* Frameworks */,
				14984650294CF36900D54895 /* Resources */,
			);
			buildRules = (
			);
			dependencies = (
				14984654294CF36900D54895 /* PBXTargetDependency */,
			);
			name = MisturadorUITests;
			productName = MisturadorUITests;
			productReference = 14984652294CF36900D54895 /* MisturadorUITests.xctest */;
			productType = "com.apple.product-type.bundle.ui-testing";
		};
/* End PBXNativeTarget section */

/* Begin PBXProject section */
		14984629294CF36500D54895 /* Project object */ = {
			isa = PBXProject;
			attributes = {
				LastSwiftUpdateCheck = 1240;
				LastUpgradeCheck = 1240;
				TargetAttributes = {
					14984630294CF36500D54895 = {
						CreatedOnToolsVersion = 12.4;
					};
					14984646294CF36900D54895 = {
						CreatedOnToolsVersion = 12.4;
						TestTargetID = 14984630294CF36500D54895;
					};
					14984651294CF36900D54895 = {
						CreatedOnToolsVersion = 12.4;
						TestTargetID = 14984630294CF36500D54895;
					};
				};
			};
			buildConfigurationList = 1498462C294CF36500D54895 /* Build configuration list for PBXProject "Misturador" */;
			compatibilityVersion = "Xcode 9.3";
			developmentRegion = en;
			hasScannedForEncodings = 0;
			knownRegions = (
				en,
				Base,
			);
			mainGroup = 14984628294CF36500D54895;
			productRefGroup = 14984632294CF36500D54895 /* Products */;
			projectDirPath = "";
			projectRoot = "";
			targets = (
				14984630294CF36500D54895 /* Misturador */,
				14984646294CF36900D54895 /* MisturadorTests */,
				14984651294CF36900D54895 /* MisturadorUITests */,
			);
		};
/* End PBXProject section */

/* Begin PBXResourcesBuildPhase section */
		1498462F294CF36500D54895 /* Resources */ = {
			isa = PBXResourcesBuildPhase;
			buildActionMask = 2147483647;
			files = (
				1498463C294CF36900D54895 /* Preview Assets.xcassets in Resources */,
				14984639294CF36900D54895 /* Assets.xcassets in Resources */,
			);
			runOnlyForDeploymentPostprocessing = 0;
		};
		14984645294CF36900D54895 /* Resources */ = {
			isa = PBXResourcesBuildPhase;
			buildActionMask = 2147483647;
			files = (
			);
			runOnlyForDeploymentPostprocessing = 0;
		};
		14984650294CF36900D54895 /* Resources */ = {
			isa = PBXResourcesBuildPhase;
			buildActionMask = 2147483647;
			files = (
			);
			runOnlyForDeploymentPostprocessing = 0;
		};
/* End PBXResourcesBuildPhase section */

/* Begin PBXSourcesBuildPhase section */
		1498462D294CF36500D54895 /* Sources */ = {
			isa = PBXSourcesBuildPhase;
			buildActionMask = 2147483647;
			files = (
				1498463E294CF36900D54895 /* Persistence.swift in Sources */,
				14984641294CF36900D54895 /* Misturador.xcdatamodeld in Sources */,
				1498466C294CF3AD00D54895 /* ListView.swift in Sources */,
				1498466A294CF3AD00D54895 /* FormView.swift in Sources */,
				14984637294CF36500D54895 /* ContentView.swift in Sources */,
				14984635294CF36500D54895 /* MisturadorApp.swift in Sources */,
				1498467F294D0BBE00D54895 /* ItemListView.swift in Sources */,
			);
			runOnlyForDeploymentPostprocessing = 0;
		};
		14984643294CF36900D54895 /* Sources */ = {
			isa = PBXSourcesBuildPhase;
			buildActionMask = 2147483647;
			files = (
				1498464C294CF36900D54895 /* MisturadorTests.swift in Sources */,
			);
			runOnlyForDeploymentPostprocessing = 0;
		};
		1498464E294CF36900D54895 /* Sources */ = {
			isa = PBXSourcesBuildPhase;
			buildActionMask = 2147483647;
			files = (
				14984657294CF36900D54895 /* MisturadorUITests.swift in Sources */,
			);
			runOnlyForDeploymentPostprocessing = 0;
		};
/* End PBXSourcesBuildPhase section */

/* Begin PBXTargetDependency section */
		14984649294CF36900D54895 /* PBXTargetDependency */ = {
			isa = PBXTargetDependency;
			target = 14984630294CF36500D54895 /* Misturador */;
			targetProxy = 14984648294CF36900D54895 /* PBXContainerItemProxy */;
		};
		14984654294CF36900D54895 /* PBXTargetDependency */ = {
			isa = PBXTargetDependency;
			target = 14984630294CF36500D54895 /* Misturador */;
			targetProxy = 14984653294CF36900D54895 /* PBXContainerItemProxy */;
		};
/* End PBXTargetDependency section */

/* Begin XCBuildConfiguration section */
		14984659294CF36900D54895 /* Debug */ = {
			isa = XCBuildConfiguration;
			buildSettings = {
				ALWAYS_SEARCH_USER_PATHS = NO;
				CLANG_ANALYZER_NONNULL = YES;
				CLANG_ANALYZER_NUMBER_OBJECT_CONVERSION = YES_AGGRESSIVE;
				CLANG_CXX_LANGUAGE_STANDARD = "gnu++14";
				CLANG_CXX_LIBRARY = "libc++";
				CLANG_ENABLE_MODULES = YES;
				CLANG_ENABLE_OBJC_ARC = YES;
				CLANG_ENABLE_OBJC_WEAK = YES;
				CLANG_WARN_BLOCK_CAPTURE_AUTORELEASING = YES;
				CLANG_WARN_BOOL_CONVERSION = YES;
				CLANG_WARN_COMMA = YES;
				CLANG_WARN_CONSTANT_CONVERSION = YES;
				CLANG_WARN_DEPRECATED_OBJC_IMPLEMENTATIONS = YES;
				CLANG_WARN_DIRECT_OBJC_ISA_USAGE = YES_ERROR;
				CLANG_WARN_DOCUMENTATION_COMMENTS = YES;
				CLANG_WARN_EMPTY_BODY = YES;
				CLANG_WARN_ENUM_CONVERSION = YES;
				CLANG_WARN_INFINITE_RECURSION = YES;
				CLANG_WARN_INT_CONVERSION = YES;
				CLANG_WARN_NON_LITERAL_NULL_CONVERSION = YES;
				CLANG_WARN_OBJC_IMPLICIT_RETAIN_SELF = YES;
				CLANG_WARN_OBJC_LITERAL_CONVERSION = YES;
				CLANG_WARN_OBJC_ROOT_CLASS = YES_ERROR;
				CLANG_WARN_QUOTED_INCLUDE_IN_FRAMEWORK_HEADER = YES;
				CLANG_WARN_RANGE_LOOP_ANALYSIS = YES;
				CLANG_WARN_STRICT_PROTOTYPES = YES;
				CLANG_WARN_SUSPICIOUS_MOVE = YES;
				CLANG_WARN_UNGUARDED_AVAILABILITY = YES_AGGRESSIVE;
				CLANG_WARN_UNREACHABLE_CODE = YES;
				CLANG_WARN__DUPLICATE_METHOD_MATCH = YES;
				COPY_PHASE_STRIP = NO;
				DEBUG_INFORMATION_FORMAT = dwarf;
				ENABLE_STRICT_OBJC_MSGSEND = YES;
				ENABLE_TESTABILITY = YES;
				GCC_C_LANGUAGE_STANDARD = gnu11;
				GCC_DYNAMIC_NO_PIC = NO;
				GCC_NO_COMMON_BLOCKS = YES;
				GCC_OPTIMIZATION_LEVEL = 0;
				GCC_PREPROCESSOR_DEFINITIONS = (
					"DEBUG=1",
					"$(inherited)",
				);
				GCC_WARN_64_TO_32_BIT_CONVERSION = YES;
				GCC_WARN_ABOUT_RETURN_TYPE = YES_ERROR;
				GCC_WARN_UNDECLARED_SELECTOR = YES;
				GCC_WARN_UNINITIALIZED_AUTOS = YES_AGGRESSIVE;
				GCC_WARN_UNUSED_FUNCTION = YES;
				GCC_WARN_UNUSED_VARIABLE = YES;
				IPHONEOS_DEPLOYMENT_TARGET = 14.4;
				MTL_ENABLE_DEBUG_INFO = INCLUDE_SOURCE;
				MTL_FAST_MATH = YES;
				ONLY_ACTIVE_ARCH = YES;
				SDKROOT = iphoneos;
				SWIFT_ACTIVE_COMPILATION_CONDITIONS = DEBUG;
				SWIFT_OPTIMIZATION_LEVEL = "-Onone";
			};
			name = Debug;
		};
		1498465A294CF36900D54895 /* Release */ = {
			isa = XCBuildConfiguration;
			buildSettings = {
				ALWAYS_SEARCH_USER_PATHS = NO;
				CLANG_ANALYZER_NONNULL = YES;
				CLANG_ANALYZER_NUMBER_OBJECT_CONVERSION = YES_AGGRESSIVE;
				CLANG_CXX_LANGUAGE_STANDARD = "gnu++14";
				CLANG_CXX_LIBRARY = "libc++";
				CLANG_ENABLE_MODULES = YES;
				CLANG_ENABLE_OBJC_ARC = YES;
				CLANG_ENABLE_OBJC_WEAK = YES;
				CLANG_WARN_BLOCK_CAPTURE_AUTORELEASING = YES;
				CLANG_WARN_BOOL_CONVERSION = YES;
				CLANG_WARN_COMMA = YES;
				CLANG_WARN_CONSTANT_CONVERSION = YES;
				CLANG_WARN_DEPRECATED_OBJC_IMPLEMENTATIONS = YES;
				CLANG_WARN_DIRECT_OBJC_ISA_USAGE = YES_ERROR;
				CLANG_WARN_DOCUMENTATION_COMMENTS = YES;
				CLANG_WARN_EMPTY_BODY = YES;
				CLANG_WARN_ENUM_CONVERSION = YES;
				CLANG_WARN_INFINITE_RECURSION = YES;
				CLANG_WARN_INT_CONVERSION = YES;
				CLANG_WARN_NON_LITERAL_NULL_CONVERSION = YES;
				CLANG_WARN_OBJC_IMPLICIT_RETAIN_SELF = YES;
				CLANG_WARN_OBJC_LITERAL_CONVERSION = YES;
				CLANG_WARN_OBJC_ROOT_CLASS = YES_ERROR;
				CLANG_WARN_QUOTED_INCLUDE_IN_FRAMEWORK_HEADER = YES;
				CLANG_WARN_RANGE_LOOP_ANALYSIS = YES;
				CLANG_WARN_STRICT_PROTOTYPES = YES;
				CLANG_WARN_SUSPICIOUS_MOVE = YES;
				CLANG_WARN_UNGUARDED_AVAILABILITY = YES_AGGRESSIVE;
				CLANG_WARN_UNREACHABLE_CODE = YES;
				CLANG_WARN__DUPLICATE_METHOD_MATCH = YES;
				COPY_PHASE_STRIP = NO;
				DEBUG_INFORMATION_FORMAT = "dwarf-with-dsym";
				ENABLE_NS_ASSERTIONS = NO;
				ENABLE_STRICT_OBJC_MSGSEND = YES;
				GCC_C_LANGUAGE_STANDARD = gnu11;
				GCC_NO_COMMON_BLOCKS = YES;
				GCC_WARN_64_TO_32_BIT_CONVERSION = YES;
				GCC_WARN_ABOUT_RETURN_TYPE = YES_ERROR;
				GCC_WARN_UNDECLARED_SELECTOR = YES;
				GCC_WARN_UNINITIALIZED_AUTOS = YES_AGGRESSIVE;
				GCC_WARN_UNUSED_FUNCTION = YES;
				GCC_WARN_UNUSED_VARIABLE = YES;
				IPHONEOS_DEPLOYMENT_TARGET = 14.4;
				MTL_ENABLE_DEBUG_INFO = NO;
				MTL_FAST_MATH = YES;
				SDKROOT = iphoneos;
				SWIFT_COMPILATION_MODE = wholemodule;
				SWIFT_OPTIMIZATION_LEVEL = "-O";
				VALIDATE_PRODUCT = YES;
			};
			name = Release;
		};
		1498465C294CF36900D54895 /* Debug */ = {
			isa = XCBuildConfiguration;
			buildSettings = {
				ASSETCATALOG_COMPILER_APPICON_NAME = AppIcon;
				ASSETCATALOG_COMPILER_GLOBAL_ACCENT_COLOR_NAME = AccentColor;
				CODE_SIGN_STYLE = Automatic;
				DEVELOPMENT_ASSET_PATHS = "\"Misturador/Preview Content\"";
				ENABLE_PREVIEWS = YES;
				INFOPLIST_FILE = Misturador/Info.plist;
				IPHONEOS_DEPLOYMENT_TARGET = 14.0;
				LD_RUNPATH_SEARCH_PATHS = (
					"$(inherited)",
					"@executable_path/Frameworks",
				);
				PRODUCT_BUNDLE_IDENTIFIER = br.edu.ifpb.Misturador;
				PRODUCT_NAME = "$(TARGET_NAME)";
				SWIFT_VERSION = 5.0;
				TARGETED_DEVICE_FAMILY = "1,2";
			};
			name = Debug;
		};
		1498465D294CF36900D54895 /* Release */ = {
			isa = XCBuildConfiguration;
			buildSettings = {
				ASSETCATALOG_COMPILER_APPICON_NAME = AppIcon;
				ASSETCATALOG_COMPILER_GLOBAL_ACCENT_COLOR_NAME = AccentColor;
				CODE_SIGN_STYLE = Automatic;
				DEVELOPMENT_ASSET_PATHS = "\"Misturador/Preview Content\"";
				ENABLE_PREVIEWS = YES;
				INFOPLIST_FILE = Misturador/Info.plist;
				IPHONEOS_DEPLOYMENT_TARGET = 14.0;
				LD_RUNPATH_SEARCH_PATHS = (
					"$(inherited)",
					"@executable_path/Frameworks",
				);
				PRODUCT_BUNDLE_IDENTIFIER = br.edu.ifpb.Misturador;
				PRODUCT_NAME = "$(TARGET_NAME)";
				SWIFT_VERSION = 5.0;
				TARGETED_DEVICE_FAMILY = "1,2";
			};
			name = Release;
		};
		1498465F294CF36900D54895 /* Debug */ = {
			isa = XCBuildConfiguration;
			buildSettings = {
				ALWAYS_EMBED_SWIFT_STANDARD_LIBRARIES = YES;
				BUNDLE_LOADER = "$(TEST_HOST)";
				CODE_SIGN_STYLE = Automatic;
				INFOPLIST_FILE = MisturadorTests/Info.plist;
				IPHONEOS_DEPLOYMENT_TARGET = 14.0;
				LD_RUNPATH_SEARCH_PATHS = (
					"$(inherited)",
					"@executable_path/Frameworks",
					"@loader_path/Frameworks",
				);
				PRODUCT_BUNDLE_IDENTIFIER = br.edu.ifpb.MisturadorTests;
				PRODUCT_NAME = "$(TARGET_NAME)";
				SWIFT_VERSION = 5.0;
				TARGETED_DEVICE_FAMILY = "1,2";
				TEST_HOST = "$(BUILT_PRODUCTS_DIR)/Misturador.app/Misturador";
			};
			name = Debug;
		};
		14984660294CF36900D54895 /* Release */ = {
			isa = XCBuildConfiguration;
			buildSettings = {
				ALWAYS_EMBED_SWIFT_STANDARD_LIBRARIES = YES;
				BUNDLE_LOADER = "$(TEST_HOST)";
				CODE_SIGN_STYLE = Automatic;
				INFOPLIST_FILE = MisturadorTests/Info.plist;
				IPHONEOS_DEPLOYMENT_TARGET = 14.0;
				LD_RUNPATH_SEARCH_PATHS = (
					"$(inherited)",
					"@executable_path/Frameworks",
					"@loader_path/Frameworks",
				);
				PRODUCT_BUNDLE_IDENTIFIER = br.edu.ifpb.MisturadorTests;
				PRODUCT_NAME = "$(TARGET_NAME)";
				SWIFT_VERSION = 5.0;
				TARGETED_DEVICE_FAMILY = "1,2";
				TEST_HOST = "$(BUILT_PRODUCTS_DIR)/Misturador.app/Misturador";
			};
			name = Release;
		};
		14984662294CF36900D54895 /* Debug */ = {
			isa = XCBuildConfiguration;
			buildSettings = {
				ALWAYS_EMBED_SWIFT_STANDARD_LIBRARIES = YES;
				CODE_SIGN_STYLE = Automatic;
				INFOPLIST_FILE = MisturadorUITests/Info.plist;
				LD_RUNPATH_SEARCH_PATHS = (
					"$(inherited)",
					"@executable_path/Frameworks",
					"@loader_path/Frameworks",
				);
				PRODUCT_BUNDLE_IDENTIFIER = br.edu.ifpb.MisturadorUITests;
				PRODUCT_NAME = "$(TARGET_NAME)";
				SWIFT_VERSION = 5.0;
				TARGETED_DEVICE_FAMILY = "1,2";
				TEST_TARGET_NAME = Misturador;
			};
			name = Debug;
		};
		14984663294CF36900D54895 /* Release */ = {
			isa = XCBuildConfiguration;
			buildSettings = {
				ALWAYS_EMBED_SWIFT_STANDARD_LIBRARIES = YES;
				CODE_SIGN_STYLE = Automatic;
				INFOPLIST_FILE = MisturadorUITests/Info.plist;
				LD_RUNPATH_SEARCH_PATHS = (
					"$(inherited)",
					"@executable_path/Frameworks",
					"@loader_path/Frameworks",
				);
				PRODUCT_BUNDLE_IDENTIFIER = br.edu.ifpb.MisturadorUITests;
				PRODUCT_NAME = "$(TARGET_NAME)";
				SWIFT_VERSION = 5.0;
				TARGETED_DEVICE_FAMILY = "1,2";
				TEST_TARGET_NAME = Misturador;
			};
			name = Release;
		};
/* End XCBuildConfiguration section */

/* Begin XCConfigurationList section */
		1498462C294CF36500D54895 /* Build configuration list for PBXProject "Misturador" */ = {
			isa = XCConfigurationList;
			buildConfigurations = (
				14984659294CF36900D54895 /* Debug */,
				1498465A294CF36900D54895 /* Release */,
			);
			defaultConfigurationIsVisible = 0;
			defaultConfigurationName = Release;
		};
		1498465B294CF36900D54895 /* Build configuration list for PBXNativeTarget "Misturador" */ = {
			isa = XCConfigurationList;
			buildConfigurations = (
				1498465C294CF36900D54895 /* Debug */,
				1498465D294CF36900D54895 /* Release */,
			);
			defaultConfigurationIsVisible = 0;
			defaultConfigurationName = Release;
		};
		1498465E294CF36900D54895 /* Build configuration list for PBXNativeTarget "MisturadorTests" */ = {
			isa = XCConfigurationList;
			buildConfigurations = (
				1498465F294CF36900D54895 /* Debug */,
				14984660294CF36900D54895 /* Release */,
			);
			defaultConfigurationIsVisible = 0;
			defaultConfigurationName = Release;
		};
		14984661294CF36900D54895 /* Build configuration list for PBXNativeTarget "MisturadorUITests" */ = {
			isa = XCConfigurationList;
			buildConfigurations = (
				14984662294CF36900D54895 /* Debug */,
				14984663294CF36900D54895 /* Release */,
			);
			defaultConfigurationIsVisible = 0;
			defaultConfigurationName = Release;
		};
/* End XCConfigurationList section */

/* Begin XCVersionGroup section */
		1498463F294CF36900D54895 /* Misturador.xcdatamodeld */ = {
			isa = XCVersionGroup;
			children = (
				14984640294CF36900D54895 /* Misturador.xcdatamodel */,
			);
			currentVersion = 14984640294CF36900D54895 /* Misturador.xcdatamodel */;
			path = Misturador.xcdatamodeld;
			sourceTree = "<group>";
			versionGroupType = wrapper.xcdatamodel;
		};
/* End XCVersionGroup section */
	};
	rootObject = 14984629294CF36500D54895 /* Project object */;
}
